
Microsoft Visual Studio Solution File, Format Version 12.00
# Visual Studio 2012
Project("{FAE04EC0-301F-11D3-BF4B-00C04F79EFBC}") = "EstudosVeica", "EstudosVeica\EstudosVeica.csproj", "{7B5797A8-F82E-4DA7-98A2-AB852D2F3C4B}"
EndProject
Project("{FAE04EC0-301F-11D3-BF4B-00C04F79EFBC}") = "TestEstudosVeica", "TestEstudosVeica\TestEstudosVeica.csproj", "{42E63690-6DF8-4AD2-904C-A528B2EA7D3F}"
EndProject
Global
	GlobalSection(SolutionConfigurationPlatforms) = preSolution
		Debug|Any CPU = Debug|Any CPU
		Release|Any CPU = Release|Any CPU
	EndGlobalSection
	GlobalSection(ProjectConfigurationPlatforms) = postSolution
		{7B5797A8-F82E-4DA7-98A2-AB852D2F3C4B}.Debug|Any CPU.ActiveCfg = Debug|Any CPU
		{7B5797A8-F82E-4DA7-98A2-AB852D2F3C4B}.Debug|Any CPU.Build.0 = Debug|Any CPU
		{7B5797A8-F82E-4DA7-98A2-AB852D2F3C4B}.Release|Any CPU.ActiveCfg = Release|Any CPU
		{7B5797A8-F82E-4DA7-98A2-AB852D2F3C4B}.Release|Any CPU.Build.0 = Release|Any CPU
		{42E63690-6DF8-4AD2-904C-A528B2EA7D3F}.Debug|Any CPU.ActiveCfg = Debug|Any CPU
		{42E63690-6DF8-4AD2-904C-A528B2EA7D3F}.Debug|Any CPU.Build.0 = Debug|Any CPU
		{42E63690-6DF8-4AD2-904C-A528B2EA7D3F}.Release|Any CPU.ActiveCfg = Release|Any CPU
		{42E63690-6DF8-4AD2-904C-A528B2EA7D3F}.Release|Any CPU.Build.0 = Release|Any CPU
	EndGlobalSection
	GlobalSection(SolutionProperties) = preSolution
		HideSolutionNode = FALSE
	EndGlobalSection
EndGlobal
